
Microsoft Visual Studio Solution File, Format Version 12.00
# Visual Studio Version 17
VisualStudioVersion = 17.4.33213.308
MinimumVisualStudioVersion = 10.0.40219.1
Project("{FAE04EC0-301F-11D3-BF4B-00C04F79EFBC}") = "backend", "af_desenv_plat_web\backend.csproj", "{0311FE34-6589-4302-BF35-9CCB6E496CD1}"
EndProject
Project("{54A90642-561A-4BB1-A94E-469ADEE60C69}") = "frontend", "..\frontend\frontend.esproj", "{4D9D2105-DC0A-4C8B-AC80-DE81F047D06F}"
EndProject
Global
	GlobalSection(SolutionConfigurationPlatforms) = preSolution
		Debug|Any CPU = Debug|Any CPU
		Release|Any CPU = Release|Any CPU
	EndGlobalSection
	GlobalSection(ProjectConfigurationPlatforms) = postSolution
		{0311FE34-6589-4302-BF35-9CCB6E496CD1}.Debug|Any CPU.ActiveCfg = Debug|Any CPU
		{0311FE34-6589-4302-BF35-9CCB6E496CD1}.Debug|Any CPU.Build.0 = Debug|Any CPU
		{0311FE34-6589-4302-BF35-9CCB6E496CD1}.Release|Any CPU.ActiveCfg = Release|Any CPU
		{0311FE34-6589-4302-BF35-9CCB6E496CD1}.Release|Any CPU.Build.0 = Release|Any CPU
		{4D9D2105-DC0A-4C8B-AC80-DE81F047D06F}.Debug|Any CPU.ActiveCfg = Debug|Any CPU
		{4D9D2105-DC0A-4C8B-AC80-DE81F047D06F}.Debug|Any CPU.Build.0 = Debug|Any CPU
		{4D9D2105-DC0A-4C8B-AC80-DE81F047D06F}.Debug|Any CPU.Deploy.0 = Debug|Any CPU
		{4D9D2105-DC0A-4C8B-AC80-DE81F047D06F}.Release|Any CPU.ActiveCfg = Release|Any CPU
		{4D9D2105-DC0A-4C8B-AC80-DE81F047D06F}.Release|Any CPU.Build.0 = Release|Any CPU
		{4D9D2105-DC0A-4C8B-AC80-DE81F047D06F}.Release|Any CPU.Deploy.0 = Release|Any CPU
	EndGlobalSection
	GlobalSection(SolutionProperties) = preSolution
		HideSolutionNode = FALSE
	EndGlobalSection
	GlobalSection(ExtensibilityGlobals) = postSolution
		SolutionGuid = {4BB0ECF6-083D-4153-9870-5A9946A1576A}
	EndGlobalSection
EndGlobal
